<?xml version="1.0" encoding="utf-8"?>
<Project ToolsVersion="4.0" xmlns="http://schemas.microsoft.com/developer/msbuild/2003">
  <ItemGroup>
    <Filter Include="Source Files">
      <UniqueIdentifier>{4FC737F1-C7A5-4376-A066-2A32D752A2FF}</UniqueIdentifier>
      <Extensions>cpp;c;cc;cxx;def;odl;idl;hpj;bat;asm;asmx</Extensions>
    </Filter>
    <Filter Include="Header Files">
      <UniqueIdentifier>{93995380-89BD-4b04-88EB-625FBE52EBFB}</UniqueIdentifier>
      <Extensions>h;hh;hpp;hxx;hm;inl;inc;xsd</Extensions>
    </Filter>
    <Filter Include="Resource Files">
      <UniqueIdentifier>{67DA6AB6-F800-4c08-8B7A-83BB121AAD01}</UniqueIdentifier>
      <Extensions>rc;ico;cur;bmp;dlg;rc2;rct;bin;rgs;gif;jpg;jpeg;jpe;resx;tiff;tif;png;wav;mfcribbon-ms</Extensions>
    </Filter>
    <Filter Include="Header Files\interface">
      <UniqueIdentifier>{94f5e6af-19a2-43c8-ac60-2f09f0116540}</UniqueIdentifier>
    </Filter>
    <Filter Include="Header Files\legacy">
      <UniqueIdentifier>{bfd46b24-7442-4156-a9d4-82deec31bee3}</UniqueIdentifier>
    </Filter>
    <Filter Include="Source Files\interface">
      <UniqueIdentifier>{cfe2457c-ce2d-41e0-b27f-d6c6af354f7a}</UniqueIdentifier>
    </Filter>
    <Filter Include="Source Files\legacy">
      <UniqueIdentifier>{353fd27f-3250-4e60-9d80-602dc82245d9}</UniqueIdentifier>
    </Filter>
  </ItemGroup>
  <ItemGroup>
    <ClInclude Include="..\include\clientmanager\interface\cl_nwm_manager.hpp">
      <Filter>Header Files\interface</Filter>
    </ClInclude>
    <ClInclude Include="..\include\clientmanager\legacy\cl_nwm_manager.h">
      <Filter>Header Files\legacy</Filter>
    </ClInclude>
    <ClInclude Include="..\include\clientmanager\cl_nwm_connection.h">
      <Filter>Header Files</Filter>
    </ClInclude>
    <ClInclude Include="..\include\clientmanager\cl_nwm_tcpconnection.h">
      <Filter>Header Files</Filter>
    </ClInclude>
    <ClInclude Include="..\include\clientmanager\cl_nwm_udpconnection.h">
      <Filter>Header Files</Filter>
    </ClInclude>
  </ItemGroup>
  <ItemGroup>
    <ClCompile Include="..\src\clientmanager\interface\cl_nwm_manager.cpp">
      <Filter>Source Files\interface</Filter>
    </ClCompile>
    <ClCompile Include="..\src\clientmanager\legacy\cl_nwm_manager_legacy.cpp">
      <Filter>Source Files\legacy</Filter>
    </ClCompile>
    <ClCompile Include="..\src\clientmanager\cl_nwm_connection.cpp">
      <Filter>Source Files</Filter>
    </ClCompile>
    <ClCompile Include="..\src\clientmanager\cl_nwm_packets.cpp">
      <Filter>Source Files</Filter>
    </ClCompile>
    <ClCompile Include="..\src\clientmanager\cl_nwm_tcpconnection.cpp">
      <Filter>Source Files</Filter>
    </ClCompile>
    <ClCompile Include="..\src\clientmanager\cl_nwm_udpconnection.cpp">
      <Filter>Source Files</Filter>
    </ClCompile>
  </ItemGroup>
</Project>